// !$*UTF8*$!
{
	archiveVersion = 1;
	classes = {
	};
	objectVersion = 46;
	objects = {

/* Begin PBXBuildFile section */
		C944FCC31B7C22C100B356DD /* AppDelegate.swift in Sources */ = {isa = PBXBuildFile; fileRef = C944FCC21B7C22C100B356DD /* AppDelegate.swift */; };
		C944FCC51B7C22C100B356DD /* ViewController.swift in Sources */ = {isa = PBXBuildFile; fileRef = C944FCC41B7C22C100B356DD /* ViewController.swift */; };
		C944FCC81B7C22C100B356DD /* Main.storyboard in Resources */ = {isa = PBXBuildFile; fileRef = C944FCC61B7C22C100B356DD /* Main.storyboard */; };
		C944FCCA1B7C22C100B356DD /* Images.xcassets in Resources */ = {isa = PBXBuildFile; fileRef = C944FCC91B7C22C100B356DD /* Images.xcassets */; };
		C944FCCD1B7C22C100B356DD /* LaunchScreen.xib in Resources */ = {isa = PBXBuildFile; fileRef = C944FCCB1B7C22C100B356DD /* LaunchScreen.xib */; };
		C944FCD91B7C22C100B356DD /* SwiftPhoneTests.swift in Sources */ = {isa = PBXBuildFile; fileRef = C944FCD81B7C22C100B356DD /* SwiftPhoneTests.swift */; };
/* End PBXBuildFile section */

/* Begin PBXContainerItemProxy section */
		C944FCD31B7C22C100B356DD /* PBXContainerItemProxy */ = {
			isa = PBXContainerItemProxy;
			containerPortal = C944FCB51B7C22C100B356DD /* Project object */;
			proxyType = 1;
			remoteGlobalIDString = C944FCBC1B7C22C100B356DD;
			remoteInfo = SwiftPhone;
		};
/* End PBXContainerItemProxy section */

/* Begin PBXFileReference section */
		C944FCBD1B7C22C100B356DD /* SwiftPhone.app */ = {isa = PBXFileReference; explicitFileType = wrapper.application; includeInIndex = 0; path = SwiftPhone.app; sourceTree = BUILT_PRODUCTS_DIR; };
		C944FCC11B7C22C100B356DD /* Info.plist */ = {isa = PBXFileReference; lastKnownFileType = text.plist.xml; path = Info.plist; sourceTree = "<group>"; };
		C944FCC21B7C22C100B356DD /* AppDelegate.swift */ = {isa = PBXFileReference; lastKnownFileType = sourcecode.swift; path = AppDelegate.swift; sourceTree = "<group>"; };
		C944FCC41B7C22C100B356DD /* ViewController.swift */ = {isa = PBXFileReference; lastKnownFileType = sourcecode.swift; path = ViewController.swift; sourceTree = "<group>"; };
		C944FCC71B7C22C100B356DD /* Base */ = {isa = PBXFileReference; lastKnownFileType = file.storyboard; name = Base; path = Base.lproj/Main.storyboard; sourceTree = "<group>"; };
		C944FCC91B7C22C100B356DD /* Images.xcassets */ = {isa = PBXFileReference; lastKnownFileType = folder.assetcatalog; path = Images.xcassets; sourceTree = "<group>"; };
		C944FCCC1B7C22C100B356DD /* Base */ = {isa = PBXFileReference; lastKnownFileType = file.xib; name = Base; path = Base.lproj/LaunchScreen.xib; sourceTree = "<group>"; };
		C944FCD21B7C22C100B356DD /* SwiftPhoneTests.xctest */ = {isa = PBXFileReference; explicitFileType = wrapper.cfbundle; includeInIndex = 0; path = SwiftPhoneTests.xctest; sourceTree = BUILT_PRODUCTS_DIR; };
		C944FCD71B7C22C100B356DD /* Info.plist */ = {isa = PBXFileReference; lastKnownFileType = text.plist.xml; path = Info.plist; sourceTree = "<group>"; };
		C944FCD81B7C22C100B356DD /* SwiftPhoneTests.swift */ = {isa = PBXFileReference; lastKnownFileType = sourcecode.swift; path = SwiftPhoneTests.swift; sourceTree = "<group>"; };
/* End PBXFileReference section */

/* Begin PBXFrameworksBuildPhase section */
		C944FCBA1B7C22C100B356DD /* Frameworks */ = {
			isa = PBXFrameworksBuildPhase;
			buildActionMask = 2147483647;
			files = (
			);
			runOnlyForDeploymentPostprocessing = 0;
		};
		C944FCCF1B7C22C100B356DD /* Frameworks */ = {
			isa = PBXFrameworksBuildPhase;
			buildActionMask = 2147483647;
			files = (
			);
			runOnlyForDeploymentPostprocessing = 0;
		};
/* End PBXFrameworksBuildPhase section */

/* Begin PBXGroup section */
		C944FCB41B7C22C100B356DD = {
			isa = PBXGroup;
			children = (
				C944FCBF1B7C22C100B356DD /* SwiftPhone */,
				C944FCD51B7C22C100B356DD /* SwiftPhoneTests */,
				C944FCBE1B7C22C100B356DD /* Products */,
			);
			sourceTree = "<group>";
		};
		C944FCBE1B7C22C100B356DD /* Products */ = {
			isa = PBXGroup;
			children = (
				C944FCBD1B7C22C100B356DD /* SwiftPhone.app */,
				C944FCD21B7C22C100B356DD /* SwiftPhoneTests.xctest */,
			);
			name = Products;
			sourceTree = "<group>";
		};
		C944FCBF1B7C22C100B356DD /* SwiftPhone */ = {
			isa = PBXGroup;
			children = (
				C944FCC21B7C22C100B356DD /* AppDelegate.swift */,
				C944FCC41B7C22C100B356DD /* ViewController.swift */,
				C944FCC61B7C22C100B356DD /* Main.storyboard */,
				C944FCC91B7C22C100B356DD /* Images.xcassets */,
				C944FCCB1B7C22C100B356DD /* LaunchScreen.xib */,
				C944FCC01B7C22C100B356DD /* Supporting Files */,
			);
			path = SwiftPhone;
			sourceTree = "<group>";
		};
		C944FCC01B7C22C100B356DD /* Supporting Files */ = {
			isa = PBXGroup;
			children = (
				C944FCC11B7C22C100B356DD /* Info.plist */,
			);
			name = "Supporting Files";
			sourceTree = "<group>";
		};
		C944FCD51B7C22C100B356DD /* SwiftPhoneTests */ = {
			isa = PBXGroup;
			children = (
				C944FCD81B7C22C100B356DD /* SwiftPhoneTests.swift */,
				C944FCD61B7C22C100B356DD /* Supporting Files */,
			);
			path = SwiftPhoneTests;
			sourceTree = "<group>";
		};
		C944FCD61B7C22C100B356DD /* Supporting Files */ = {
			isa = PBXGroup;
			children = (
				C944FCD71B7C22C100B356DD /* Info.plist */,
			);
			name = "Supporting Files";
			sourceTree = "<group>";
		};
/* End PBXGroup section */

/* Begin PBXNativeTarget section */
		C944FCBC1B7C22C100B356DD /* SwiftPhone */ = {
			isa = PBXNativeTarget;
			buildConfigurationList = C944FCDC1B7C22C100B356DD /* Build configuration list for PBXNativeTarget "SwiftPhone" */;
			buildPhases = (
				C944FCB91B7C22C100B356DD /* Sources */,
				C944FCBA1B7C22C100B356DD /* Frameworks */,
				C944FCBB1B7C22C100B356DD /* Resources */,
			);
			buildRules = (
			);
			dependencies = (
			);
			name = SwiftPhone;
			productName = SwiftPhone;
			productReference = C944FCBD1B7C22C100B356DD /* SwiftPhone.app */;
			productType = "com.apple.product-type.application";
		};
		C944FCD11B7C22C100B356DD /* SwiftPhoneTests */ = {
			isa = PBXNativeTarget;
			buildConfigurationList = C944FCDF1B7C22C100B356DD /* Build configuration list for PBXNativeTarget "SwiftPhoneTests" */;
			buildPhases = (
				C944FCCE1B7C22C100B356DD /* Sources */,
				C944FCCF1B7C22C100B356DD /* Frameworks */,
				C944FCD01B7C22C100B356DD /* Resources */,
			);
			buildRules = (
			);
			dependencies = (
				C944FCD41B7C22C100B356DD /* PBXTargetDependency */,
			);
			name = SwiftPhoneTests;
			productName = SwiftPhoneTests;
			productReference = C944FCD21B7C22C100B356DD /* SwiftPhoneTests.xctest */;
			productType = "com.apple.product-type.bundle.unit-test";
		};
/* End PBXNativeTarget section */

/* Begin PBXProject section */
		C944FCB51B7C22C100B356DD /* Project object */ = {
			isa = PBXProject;
			attributes = {
				LastUpgradeCheck = 0640;
				ORGANIZATIONNAME = "Matt Makai";
				TargetAttributes = {
					C944FCBC1B7C22C100B356DD = {
						CreatedOnToolsVersion = 6.4;
					};
					C944FCD11B7C22C100B356DD = {
						CreatedOnToolsVersion = 6.4;
						TestTargetID = C944FCBC1B7C22C100B356DD;
					};
				};
			};
			buildConfigurationList = C944FCB81B7C22C100B356DD /* Build configuration list for PBXProject "SwiftPhone" */;
			compatibilityVersion = "Xcode 3.2";
			developmentRegion = English;
			hasScannedForEncodings = 0;
			knownRegions = (
				en,
				Base,
			);
			mainGroup = C944FCB41B7C22C100B356DD;
			productRefGroup = C944FCBE1B7C22C100B356DD /* Products */;
			projectDirPath = "";
			projectRoot = "";
			targets = (
				C944FCBC1B7C22C100B356DD /* SwiftPhone */,
				C944FCD11B7C22C100B356DD /* SwiftPhoneTests */,
			);
		};
/* End PBXProject section */

/* Begin PBXResourcesBuildPhase section */
		C944FCBB1B7C22C100B356DD /* Resources */ = {
			isa = PBXResourcesBuildPhase;
			buildActionMask = 2147483647;
			files = (
				C944FCC81B7C22C100B356DD /* Main.storyboard in Resources */,
				C944FCCD1B7C22C100B356DD /* LaunchScreen.xib in Resources */,
				C944FCCA1B7C22C100B356DD /* Images.xcassets in Resources */,
			);
			runOnlyForDeploymentPostprocessing = 0;
		};
		C944FCD01B7C22C100B356DD /* Resources */ = {
			isa = PBXResourcesBuildPhase;
			buildActionMask = 2147483647;
			files = (
			);
			runOnlyForDeploymentPostprocessing = 0;
		};
/* End PBXResourcesBuildPhase section */

/* Begin PBXSourcesBuildPhase section */
		C944FCB91B7C22C100B356DD /* Sources */ = {
			isa = PBXSourcesBuildPhase;
			buildActionMask = 2147483647;
			files = (
				C944FCC51B7C22C100B356DD /* ViewController.swift in Sources */,
				C944FCC31B7C22C100B356DD /* AppDelegate.swift in Sources */,
			);
			runOnlyForDeploymentPostprocessing = 0;
		};
		C944FCCE1B7C22C100B356DD /* Sources */ = {
			isa = PBXSourcesBuildPhase;
			buildActionMask = 2147483647;
			files = (
				C944FCD91B7C22C100B356DD /* SwiftPhoneTests.swift in Sources */,
			);
			runOnlyForDeploymentPostprocessing = 0;
		};
/* End PBXSourcesBuildPhase section */

/* Begin PBXTargetDependency section */
		C944FCD41B7C22C100B356DD /* PBXTargetDependency */ = {
			isa = PBXTargetDependency;
			target = C944FCBC1B7C22C100B356DD /* SwiftPhone */;
			targetProxy = C944FCD31B7C22C100B356DD /* PBXContainerItemProxy */;
		};
/* End PBXTargetDependency section */

/* Begin PBXVariantGroup section */
		C944FCC61B7C22C100B356DD /* Main.storyboard */ = {
			isa = PBXVariantGroup;
			children = (
				C944FCC71B7C22C100B356DD /* Base */,
			);
			name = Main.storyboard;
			sourceTree = "<group>";
		};
		C944FCCB1B7C22C100B356DD /* LaunchScreen.xib */ = {
			isa = PBXVariantGroup;
			children = (
				C944FCCC1B7C22C100B356DD /* Base */,
			);
			name = LaunchScreen.xib;
			sourceTree = "<group>";
		};
/* End PBXVariantGroup section */

/* Begin XCBuildConfiguration section */
		C944FCDA1B7C22C100B356DD /* Debug */ = {
			isa = XCBuildConfiguration;
			buildSettings = {
				ALWAYS_SEARCH_USER_PATHS = NO;
				CLANG_CXX_LANGUAGE_STANDARD = "gnu++0x";
				CLANG_CXX_LIBRARY = "libc++";
				CLANG_ENABLE_MODULES = YES;
				CLANG_ENABLE_OBJC_ARC = YES;
				CLANG_WARN_BOOL_CONVERSION = YES;
				CLANG_WARN_CONSTANT_CONVERSION = YES;
				CLANG_WARN_DIRECT_OBJC_ISA_USAGE = YES_ERROR;
				CLANG_WARN_EMPTY_BODY = YES;
				CLANG_WARN_ENUM_CONVERSION = YES;
				CLANG_WARN_INT_CONVERSION = YES;
				CLANG_WARN_OBJC_ROOT_CLASS = YES_ERROR;
				CLANG_WARN_UNREACHABLE_CODE = YES;
				CLANG_WARN__DUPLICATE_METHOD_MATCH = YES;
				"CODE_SIGN_IDENTITY[sdk=iphoneos*]" = "iPhone Developer";
				COPY_PHASE_STRIP = NO;
				DEBUG_INFORMATION_FORMAT = "dwarf-with-dsym";
				ENABLE_STRICT_OBJC_MSGSEND = YES;
				GCC_C_LANGUAGE_STANDARD = gnu99;
				GCC_DYNAMIC_NO_PIC = NO;
				GCC_NO_COMMON_BLOCKS = YES;
				GCC_OPTIMIZATION_LEVEL = 0;
				GCC_PREPROCESSOR_DEFINITIONS = (
					"DEBUG=1",
					"$(inherited)",
				);
				GCC_SYMBOLS_PRIVATE_EXTERN = NO;
				GCC_WARN_64_TO_32_BIT_CONVERSION = YES;
				GCC_WARN_ABOUT_RETURN_TYPE = YES_ERROR;
				GCC_WARN_UNDECLARED_SELECTOR = YES;
				GCC_WARN_UNINITIALIZED_AUTOS = YES_AGGRESSIVE;
				GCC_WARN_UNUSED_FUNCTION = YES;
				GCC_WARN_UNUSED_VARIABLE = YES;
				IPHONEOS_DEPLOYMENT_TARGET = 8.4;
				MTL_ENABLE_DEBUG_INFO = YES;
				ONLY_ACTIVE_ARCH = YES;
				SDKROOT = iphoneos;
				SWIFT_OPTIMIZATION_LEVEL = "-Onone";
			};
			name = Debug;
		};
		C944FCDB1B7C22C100B356DD /* Release */ = {
			isa = XCBuildConfiguration;
			buildSettings = {
				ALWAYS_SEARCH_USER_PATHS = NO;
				CLANG_CXX_LANGUAGE_STANDARD = "gnu++0x";
				CLANG_CXX_LIBRARY = "libc++";
				CLANG_ENABLE_MODULES = YES;
				CLANG_ENABLE_OBJC_ARC = YES;
				CLANG_WARN_BOOL_CONVERSION = YES;
				CLANG_WARN_CONSTANT_CONVERSION = YES;
				CLANG_WARN_DIRECT_OBJC_ISA_USAGE = YES_ERROR;
				CLANG_WARN_EMPTY_BODY = YES;
				CLANG_WARN_ENUM_CONVERSION = YES;
				CLANG_WARN_INT_CONVERSION = YES;
				CLANG_WARN_OBJC_ROOT_CLASS = YES_ERROR;
				CLANG_WARN_UNREACHABLE_CODE = YES;
				CLANG_WARN__DUPLICATE_METHOD_MATCH = YES;
				"CODE_SIGN_IDENTITY[sdk=iphoneos*]" = "iPhone Developer";
				COPY_PHASE_STRIP = NO;
				DEBUG_INFORMATION_FORMAT = "dwarf-with-dsym";
				ENABLE_NS_ASSERTIONS = NO;
				ENABLE_STRICT_OBJC_MSGSEND = YES;
				GCC_C_LANGUAGE_STANDARD = gnu99;
				GCC_NO_COMMON_BLOCKS = YES;
				GCC_WARN_64_TO_32_BIT_CONVERSION = YES;
				GCC_WARN_ABOUT_RETURN_TYPE = YES_ERROR;
				GCC_WARN_UNDECLARED_SELECTOR = YES;
				GCC_WARN_UNINITIALIZED_AUTOS = YES_AGGRESSIVE;
				GCC_WARN_UNUSED_FUNCTION = YES;
				GCC_WARN_UNUSED_VARIABLE = YES;
				IPHONEOS_DEPLOYMENT_TARGET = 8.4;
				MTL_ENABLE_DEBUG_INFO = NO;
				SDKROOT = iphoneos;
				VALIDATE_PRODUCT = YES;
			};
			name = Release;
		};
		C944FCDD1B7C22C100B356DD /* Debug */ = {
			isa = XCBuildConfiguration;
			buildSettings = {
				ASSETCATALOG_COMPILER_APPICON_NAME = AppIcon;
				INFOPLIST_FILE = SwiftPhone/Info.plist;
				LD_RUNPATH_SEARCH_PATHS = "$(inherited) @executable_path/Frameworks";
				PRODUCT_NAME = "$(TARGET_NAME)";
			};
			name = Debug;
		};
		C944FCDE1B7C22C100B356DD /* Release */ = {
			isa = XCBuildConfiguration;
			buildSettings = {
				ASSETCATALOG_COMPILER_APPICON_NAME = AppIcon;
				INFOPLIST_FILE = SwiftPhone/Info.plist;
				LD_RUNPATH_SEARCH_PATHS = "$(inherited) @executable_path/Frameworks";
				PRODUCT_NAME = "$(TARGET_NAME)";
			};
			name = Release;
		};
		C944FCE01B7C22C100B356DD /* Debug */ = {
			isa = XCBuildConfiguration;
			buildSettings = {
				BUNDLE_LOADER = "$(TEST_HOST)";
				FRAMEWORK_SEARCH_PATHS = (
					"$(SDKROOT)/Developer/Library/Frameworks",
					"$(inherited)",
				);
				GCC_PREPROCESSOR_DEFINITIONS = (
					"DEBUG=1",
					"$(inherited)",
				);
				INFOPLIST_FILE = SwiftPhoneTests/Info.plist;
				LD_RUNPATH_SEARCH_PATHS = "$(inherited) @executable_path/Frameworks @loader_path/Frameworks";
				PRODUCT_NAME = "$(TARGET_NAME)";
				TEST_HOST = "$(BUILT_PRODUCTS_DIR)/SwiftPhone.app/SwiftPhone";
			};
			name = Debug;
		};
		C944FCE11B7C22C100B356DD /* Release */ = {
			isa = XCBuildConfiguration;
			buildSettings = {
				BUNDLE_LOADER = "$(TEST_HOST)";
				FRAMEWORK_SEARCH_PATHS = (
					"$(SDKROOT)/Developer/Library/Frameworks",
					"$(inherited)",
				);
				INFOPLIST_FILE = SwiftPhoneTests/Info.plist;
				LD_RUNPATH_SEARCH_PATHS = "$(inherited) @executable_path/Frameworks @loader_path/Frameworks";
				PRODUCT_NAME = "$(TARGET_NAME)";
				TEST_HOST = "$(BUILT_PRODUCTS_DIR)/SwiftPhone.app/SwiftPhone";
			};
			name = Release;
		};
/* End XCBuildConfiguration section */

/* Begin XCConfigurationList section */
		C944FCB81B7C22C100B356DD /* Build configuration list for PBXProject "SwiftPhone" */ = {
			isa = XCConfigurationList;
			buildConfigurations = (
				C944FCDA1B7C22C100B356DD /* Debug */,
				C944FCDB1B7C22C100B356DD /* Release */,
			);
			defaultConfigurationIsVisible = 0;
			defaultConfigurationName = Release;
		};
		C944FCDC1B7C22C100B356DD /* Build configuration list for PBXNativeTarget "SwiftPhone" */ = {
			isa = XCConfigurationList;
			buildConfigurations = (
				C944FCDD1B7C22C100B356DD /* Debug */,
				C944FCDE1B7C22C100B356DD /* Release */,
			);
			defaultConfigurationIsVisible = 0;
		};
		C944FCDF1B7C22C100B356DD /* Build configuration list for PBXNativeTarget "SwiftPhoneTests" */ = {
			isa = XCConfigurationList;
			buildConfigurations = (
				C944FCE01B7C22C100B356DD /* Debug */,
				C944FCE11B7C22C100B356DD /* Release */,
			);
			defaultConfigurationIsVisible = 0;
		};
/* End XCConfigurationList section */
	};
	rootObject = C944FCB51B7C22C100B356DD /* Project object */;
}
